
Microsoft Visual Studio Solution File, Format Version 12.00
# Visual Studio 14
VisualStudioVersion = 14.0.24720.0
MinimumVisualStudioVersion = 10.0.40219.1
Project("{FAE04EC0-301F-11D3-BF4B-00C04F79EFBC}") = "WriteFirmware", "WriteFirmware\WriteFirmware.csproj", "{AFD515E3-B6E8-430E-8B11-C38BBA75251C}"
	ProjectSection(ProjectDependencies) = postProject
		{F39A8A2C-DB3A-4AE3-A589-217037974AC9} = {F39A8A2C-DB3A-4AE3-A589-217037974AC9}
	EndProjectSection
EndProject
Project("{8BC9CEB8-8B4A-11D0-8D11-00A0C91BC942}") = "WriteFirmwareDll", "WriteFirmwareDll\WriteFirmwareDll.vcxproj", "{F39A8A2C-DB3A-4AE3-A589-217037974AC9}"
EndProject
Global
	GlobalSection(SolutionConfigurationPlatforms) = preSolution
		Debug|Any CPU = Debug|Any CPU
		Debug|x64 = Debug|x64
		Debug|x86 = Debug|x86
		Release|Any CPU = Release|Any CPU
		Release|x64 = Release|x64
		Release|x86 = Release|x86
	EndGlobalSection
	GlobalSection(ProjectConfigurationPlatforms) = postSolution
		{AFD515E3-B6E8-430E-8B11-C38BBA75251C}.Debug|Any CPU.ActiveCfg = Debug|Any CPU
		{AFD515E3-B6E8-430E-8B11-C38BBA75251C}.Debug|Any CPU.Build.0 = Debug|Any CPU
		{AFD515E3-B6E8-430E-8B11-C38BBA75251C}.Debug|x64.ActiveCfg = Debug|Any CPU
		{AFD515E3-B6E8-430E-8B11-C38BBA75251C}.Debug|x64.Build.0 = Debug|Any CPU
		{AFD515E3-B6E8-430E-8B11-C38BBA75251C}.Debug|x86.ActiveCfg = Debug|x86
		{AFD515E3-B6E8-430E-8B11-C38BBA75251C}.Debug|x86.Build.0 = Debug|x86
		{AFD515E3-B6E8-430E-8B11-C38BBA75251C}.Release|Any CPU.ActiveCfg = Release|Any CPU
		{AFD515E3-B6E8-430E-8B11-C38BBA75251C}.Release|Any CPU.Build.0 = Release|Any CPU
		{AFD515E3-B6E8-430E-8B11-C38BBA75251C}.Release|x64.ActiveCfg = Release|Any CPU
		{AFD515E3-B6E8-430E-8B11-C38BBA75251C}.Release|x64.Build.0 = Release|Any CPU
		{AFD515E3-B6E8-430E-8B11-C38BBA75251C}.Release|x86.ActiveCfg = Release|Any CPU
		{AFD515E3-B6E8-430E-8B11-C38BBA75251C}.Release|x86.Build.0 = Release|Any CPU
		{F39A8A2C-DB3A-4AE3-A589-217037974AC9}.Debug|Any CPU.ActiveCfg = Debug|Win32
		{F39A8A2C-DB3A-4AE3-A589-217037974AC9}.Debug|Any CPU.Build.0 = Debug|Win32
		{F39A8A2C-DB3A-4AE3-A589-217037974AC9}.Debug|x64.ActiveCfg = Debug|x64
		{F39A8A2C-DB3A-4AE3-A589-217037974AC9}.Debug|x64.Build.0 = Debug|x64
		{F39A8A2C-DB3A-4AE3-A589-217037974AC9}.Debug|x86.ActiveCfg = Debug|Win32
		{F39A8A2C-DB3A-4AE3-A589-217037974AC9}.Debug|x86.Build.0 = Debug|Win32
		{F39A8A2C-DB3A-4AE3-A589-217037974AC9}.Release|Any CPU.ActiveCfg = Release|Win32
		{F39A8A2C-DB3A-4AE3-A589-217037974AC9}.Release|x64.ActiveCfg = Release|x64
		{F39A8A2C-DB3A-4AE3-A589-217037974AC9}.Release|x64.Build.0 = Release|x64
		{F39A8A2C-DB3A-4AE3-A589-217037974AC9}.Release|x86.ActiveCfg = Release|Win32
		{F39A8A2C-DB3A-4AE3-A589-217037974AC9}.Release|x86.Build.0 = Release|Win32
	EndGlobalSection
	GlobalSection(SolutionProperties) = preSolution
		HideSolutionNode = FALSE
	EndGlobalSection
EndGlobal
